
Microsoft Visual Studio Solution File, Format Version 12.00
# Visual Studio 15
VisualStudioVersion = 15.0.28307.757
MinimumVisualStudioVersion = 10.0.40219.1
Project("{FAE04EC0-301F-11D3-BF4B-00C04F79EFBC}") = "QuizApp", "QuizApp\QuizApp.csproj", "{F85BC0D5-F7B1-4D31-A055-B3C0F83AA6C3}"
EndProject
Project("{FAE04EC0-301F-11D3-BF4B-00C04F79EFBC}") = "QuizApp.Core", "QuizApp.Core\QuizApp.Core.csproj", "{CAD3AD45-3C1F-4EB6-8C0F-8948A50C4FE9}"
EndProject
Project("{FAE04EC0-301F-11D3-BF4B-00C04F79EFBC}") = "QuizAppTests", "QuizAppTests\QuizAppTests.csproj", "{8F796AC2-FD9F-442E-8724-F8A63771B71C}"
EndProject
Global
	GlobalSection(SolutionConfigurationPlatforms) = preSolution
		Debug|Any CPU = Debug|Any CPU
		Release|Any CPU = Release|Any CPU
	EndGlobalSection
	GlobalSection(ProjectConfigurationPlatforms) = postSolution
		{F85BC0D5-F7B1-4D31-A055-B3C0F83AA6C3}.Debug|Any CPU.ActiveCfg = Debug|Any CPU
		{F85BC0D5-F7B1-4D31-A055-B3C0F83AA6C3}.Debug|Any CPU.Build.0 = Debug|Any CPU
		{F85BC0D5-F7B1-4D31-A055-B3C0F83AA6C3}.Release|Any CPU.ActiveCfg = Release|Any CPU
		{F85BC0D5-F7B1-4D31-A055-B3C0F83AA6C3}.Release|Any CPU.Build.0 = Release|Any CPU
		{CAD3AD45-3C1F-4EB6-8C0F-8948A50C4FE9}.Debug|Any CPU.ActiveCfg = Debug|Any CPU
		{CAD3AD45-3C1F-4EB6-8C0F-8948A50C4FE9}.Debug|Any CPU.Build.0 = Debug|Any CPU
		{CAD3AD45-3C1F-4EB6-8C0F-8948A50C4FE9}.Release|Any CPU.ActiveCfg = Release|Any CPU
		{CAD3AD45-3C1F-4EB6-8C0F-8948A50C4FE9}.Release|Any CPU.Build.0 = Release|Any CPU
		{8F796AC2-FD9F-442E-8724-F8A63771B71C}.Debug|Any CPU.ActiveCfg = Debug|Any CPU
		{8F796AC2-FD9F-442E-8724-F8A63771B71C}.Debug|Any CPU.Build.0 = Debug|Any CPU
		{8F796AC2-FD9F-442E-8724-F8A63771B71C}.Release|Any CPU.ActiveCfg = Release|Any CPU
		{8F796AC2-FD9F-442E-8724-F8A63771B71C}.Release|Any CPU.Build.0 = Release|Any CPU
	EndGlobalSection
	GlobalSection(SolutionProperties) = preSolution
		HideSolutionNode = FALSE
	EndGlobalSection
	GlobalSection(ExtensibilityGlobals) = postSolution
		SolutionGuid = {589A9032-DCC0-4749-8601-EC063A3F59B7}
	EndGlobalSection
EndGlobal
